
Microsoft Visual Studio Solution File, Format Version 12.00
# Visual Studio Version 16
VisualStudioVersion = 16.0.31129.286
MinimumVisualStudioVersion = 10.0.40219.1
Project("{FAE04EC0-301F-11D3-BF4B-00C04F79EFBC}") = "MedicalBillingSytem", "MedicalBillingSytem\MedicalBillingSytem.csproj", "{EE57D92B-FAE2-4440-90EF-253B9B26F33B}"
EndProject
Global
	GlobalSection(SolutionConfigurationPlatforms) = preSolution
		Debug|Any CPU = Debug|Any CPU
		Release|Any CPU = Release|Any CPU
	EndGlobalSection
	GlobalSection(ProjectConfigurationPlatforms) = postSolution
		{EE57D92B-FAE2-4440-90EF-253B9B26F33B}.Debug|Any CPU.ActiveCfg = Debug|Any CPU
		{EE57D92B-FAE2-4440-90EF-253B9B26F33B}.Debug|Any CPU.Build.0 = Debug|Any CPU
		{EE57D92B-FAE2-4440-90EF-253B9B26F33B}.Release|Any CPU.ActiveCfg = Release|Any CPU
		{EE57D92B-FAE2-4440-90EF-253B9B26F33B}.Release|Any CPU.Build.0 = Release|Any CPU
	EndGlobalSection
	GlobalSection(SolutionProperties) = preSolution
		HideSolutionNode = FALSE
	EndGlobalSection
	GlobalSection(ExtensibilityGlobals) = postSolution
		SolutionGuid = {E5E5E034-D930-4504-891C-69A91302F0F4}
	EndGlobalSection
EndGlobal
